// !$*UTF8*$!
{
	archiveVersion = 1;
	classes = {
	};
	objectVersion = 56;
	objects = {

/* Begin PBXBuildFile section */
		F050CD982C60CAAF000C496B /* AppDelegate.swift in Sources */ = {isa = PBXBuildFile; fileRef = F050CD972C60CAAF000C496B /* AppDelegate.swift */; };
		F050CD9A2C60CAAF000C496B /* SceneDelegate.swift in Sources */ = {isa = PBXBuildFile; fileRef = F050CD992C60CAAF000C496B /* SceneDelegate.swift */; };
		F050CD9C2C60CAAF000C496B /* ViewController.swift in Sources */ = {isa = PBXBuildFile; fileRef = F050CD9B2C60CAAF000C496B /* ViewController.swift */; };
		F050CD9F2C60CAAF000C496B /* Base in Resources */ = {isa = PBXBuildFile; fileRef = F050CD9E2C60CAAF000C496B /* Base */; };
		F050CDA12C60CAB2000C496B /* Assets.xcassets in Resources */ = {isa = PBXBuildFile; fileRef = F050CDA02C60CAB2000C496B /* Assets.xcassets */; };
		F050CDA42C60CAB2000C496B /* Base in Resources */ = {isa = PBXBuildFile; fileRef = F050CDA32C60CAB2000C496B /* Base */; };
		F050CDAC2C60E8BF000C496B /* Constants.swift in Sources */ = {isa = PBXBuildFile; fileRef = F050CDAB2C60E8BF000C496B /* Constants.swift */; };
		F050CDAE2C60EB4B000C496B /* Video.swift in Sources */ = {isa = PBXBuildFile; fileRef = F050CDAD2C60EB4B000C496B /* Video.swift */; };
		F050CDB02C60EBA8000C496B /* Model.swift in Sources */ = {isa = PBXBuildFile; fileRef = F050CDAF2C60EBA8000C496B /* Model.swift */; };
		F050CDB22C61129F000C496B /* Response.swift in Sources */ = {isa = PBXBuildFile; fileRef = F050CDB12C61129F000C496B /* Response.swift */; };
		F0A39B612C6209CC0040EB8E /* VideoTableViewCell.swift in Sources */ = {isa = PBXBuildFile; fileRef = F0A39B602C6209CC0040EB8E /* VideoTableViewCell.swift */; };
		F0A39B682C6239670040EB8E /* CacheManager.swift in Sources */ = {isa = PBXBuildFile; fileRef = F0A39B672C6239670040EB8E /* CacheManager.swift */; };
		F0A39B6A2C623E810040EB8E /* DetailViewController.swift in Sources */ = {isa = PBXBuildFile; fileRef = F0A39B692C623E810040EB8E /* DetailViewController.swift */; };
/* End PBXBuildFile section */

/* Begin PBXFileReference section */
		F050CD942C60CAAF000C496B /* YoutubeAPIApp.app */ = {isa = PBXFileReference; explicitFileType = wrapper.application; includeInIndex = 0; path = YoutubeAPIApp.app; sourceTree = BUILT_PRODUCTS_DIR; };
		F050CD972C60CAAF000C496B /* AppDelegate.swift */ = {isa = PBXFileReference; lastKnownFileType = sourcecode.swift; path = AppDelegate.swift; sourceTree = "<group>"; };
		F050CD992C60CAAF000C496B /* SceneDelegate.swift */ = {isa = PBXFileReference; lastKnownFileType = sourcecode.swift; path = SceneDelegate.swift; sourceTree = "<group>"; };
		F050CD9B2C60CAAF000C496B /* ViewController.swift */ = {isa = PBXFileReference; lastKnownFileType = sourcecode.swift; path = ViewController.swift; sourceTree = "<group>"; };
		F050CD9E2C60CAAF000C496B /* Base */ = {isa = PBXFileReference; lastKnownFileType = file.storyboard; name = Base; path = Base.lproj/Main.storyboard; sourceTree = "<group>"; };
		F050CDA02C60CAB2000C496B /* Assets.xcassets */ = {isa = PBXFileReference; lastKnownFileType = folder.assetcatalog; path = Assets.xcassets; sourceTree = "<group>"; };
		F050CDA32C60CAB2000C496B /* Base */ = {isa = PBXFileReference; lastKnownFileType = file.storyboard; name = Base; path = Base.lproj/LaunchScreen.storyboard; sourceTree = "<group>"; };
		F050CDA52C60CAB2000C496B /* Info.plist */ = {isa = PBXFileReference; lastKnownFileType = text.plist.xml; path = Info.plist; sourceTree = "<group>"; };
		F050CDAB2C60E8BF000C496B /* Constants.swift */ = {isa = PBXFileReference; lastKnownFileType = sourcecode.swift; path = Constants.swift; sourceTree = "<group>"; };
		F050CDAD2C60EB4B000C496B /* Video.swift */ = {isa = PBXFileReference; lastKnownFileType = sourcecode.swift; path = Video.swift; sourceTree = "<group>"; };
		F050CDAF2C60EBA8000C496B /* Model.swift */ = {isa = PBXFileReference; lastKnownFileType = sourcecode.swift; path = Model.swift; sourceTree = "<group>"; };
		F050CDB12C61129F000C496B /* Response.swift */ = {isa = PBXFileReference; lastKnownFileType = sourcecode.swift; path = Response.swift; sourceTree = "<group>"; };
		F0A39B602C6209CC0040EB8E /* VideoTableViewCell.swift */ = {isa = PBXFileReference; lastKnownFileType = sourcecode.swift; path = VideoTableViewCell.swift; sourceTree = "<group>"; };
		F0A39B672C6239670040EB8E /* CacheManager.swift */ = {isa = PBXFileReference; lastKnownFileType = sourcecode.swift; path = CacheManager.swift; sourceTree = "<group>"; };
		F0A39B692C623E810040EB8E /* DetailViewController.swift */ = {isa = PBXFileReference; lastKnownFileType = sourcecode.swift; path = DetailViewController.swift; sourceTree = "<group>"; };
/* End PBXFileReference section */

/* Begin PBXFrameworksBuildPhase section */
		F050CD912C60CAAF000C496B /* Frameworks */ = {
			isa = PBXFrameworksBuildPhase;
			buildActionMask = 2147483647;
			files = (
			);
			runOnlyForDeploymentPostprocessing = 0;
		};
/* End PBXFrameworksBuildPhase section */

/* Begin PBXGroup section */
		F050CD8B2C60CAAF000C496B = {
			isa = PBXGroup;
			children = (
				F050CD962C60CAAF000C496B /* YoutubeAPIApp */,
				F050CD952C60CAAF000C496B /* Products */,
			);
			sourceTree = "<group>";
		};
		F050CD952C60CAAF000C496B /* Products */ = {
			isa = PBXGroup;
			children = (
				F050CD942C60CAAF000C496B /* YoutubeAPIApp.app */,
			);
			name = Products;
			sourceTree = "<group>";
		};
		F050CD962C60CAAF000C496B /* YoutubeAPIApp */ = {
			isa = PBXGroup;
			children = (
				F050CD972C60CAAF000C496B /* AppDelegate.swift */,
				F050CD992C60CAAF000C496B /* SceneDelegate.swift */,
				F0A39B662C620A0D0040EB8E /* Helpers */,
				F0A39B652C620A030040EB8E /* Storyboards */,
				F0A39B642C6209F70040EB8E /* Models */,
				F0A39B632C6209ED0040EB8E /* Views */,
				F0A39B622C6209DE0040EB8E /* ViewControllers */,
				F050CDA02C60CAB2000C496B /* Assets.xcassets */,
				F050CDA52C60CAB2000C496B /* Info.plist */,
			);
			path = YoutubeAPIApp;
			sourceTree = "<group>";
		};
		F0A39B622C6209DE0040EB8E /* ViewControllers */ = {
			isa = PBXGroup;
			children = (
				F050CD9B2C60CAAF000C496B /* ViewController.swift */,
				F0A39B692C623E810040EB8E /* DetailViewController.swift */,
			);
			path = ViewControllers;
			sourceTree = "<group>";
		};
		F0A39B632C6209ED0040EB8E /* Views */ = {
			isa = PBXGroup;
			children = (
				F0A39B602C6209CC0040EB8E /* VideoTableViewCell.swift */,
			);
			path = Views;
			sourceTree = "<group>";
		};
		F0A39B642C6209F70040EB8E /* Models */ = {
			isa = PBXGroup;
			children = (
				F050CDAD2C60EB4B000C496B /* Video.swift */,
				F050CDAF2C60EBA8000C496B /* Model.swift */,
				F050CDB12C61129F000C496B /* Response.swift */,
			);
			path = Models;
			sourceTree = "<group>";
		};
		F0A39B652C620A030040EB8E /* Storyboards */ = {
			isa = PBXGroup;
			children = (
				F050CDA22C60CAB2000C496B /* LaunchScreen.storyboard */,
				F050CD9D2C60CAAF000C496B /* Main.storyboard */,
			);
			path = Storyboards;
			sourceTree = "<group>";
		};
		F0A39B662C620A0D0040EB8E /* Helpers */ = {
			isa = PBXGroup;
			children = (
				F050CDAB2C60E8BF000C496B /* Constants.swift */,
				F0A39B672C6239670040EB8E /* CacheManager.swift */,
			);
			path = Helpers;
			sourceTree = "<group>";
		};
/* End PBXGroup section */

/* Begin PBXNativeTarget section */
		F050CD932C60CAAF000C496B /* YoutubeAPIApp */ = {
			isa = PBXNativeTarget;
			buildConfigurationList = F050CDA82C60CAB2000C496B /* Build configuration list for PBXNativeTarget "YoutubeAPIApp" */;
			buildPhases = (
				F050CD902C60CAAF000C496B /* Sources */,
				F050CD912C60CAAF000C496B /* Frameworks */,
				F050CD922C60CAAF000C496B /* Resources */,
			);
			buildRules = (
			);
			dependencies = (
			);
			name = YoutubeAPIApp;
			productName = YoutubeAPIApp;
			productReference = F050CD942C60CAAF000C496B /* YoutubeAPIApp.app */;
			productType = "com.apple.product-type.application";
		};
/* End PBXNativeTarget section */

/* Begin PBXProject section */
		F050CD8C2C60CAAF000C496B /* Project object */ = {
			isa = PBXProject;
			attributes = {
				BuildIndependentTargetsInParallel = 1;
				LastSwiftUpdateCheck = 1540;
				LastUpgradeCheck = 1540;
				TargetAttributes = {
					F050CD932C60CAAF000C496B = {
						CreatedOnToolsVersion = 15.4;
					};
				};
			};
			buildConfigurationList = F050CD8F2C60CAAF000C496B /* Build configuration list for PBXProject "YoutubeAPIApp" */;
			compatibilityVersion = "Xcode 14.0";
			developmentRegion = en;
			hasScannedForEncodings = 0;
			knownRegions = (
				en,
				Base,
			);
			mainGroup = F050CD8B2C60CAAF000C496B;
			productRefGroup = F050CD952C60CAAF000C496B /* Products */;
			projectDirPath = "";
			projectRoot = "";
			targets = (
				F050CD932C60CAAF000C496B /* YoutubeAPIApp */,
			);
		};
/* End PBXProject section */

/* Begin PBXResourcesBuildPhase section */
		F050CD922C60CAAF000C496B /* Resources */ = {
			isa = PBXResourcesBuildPhase;
			buildActionMask = 2147483647;
			files = (
				F050CDA12C60CAB2000C496B /* Assets.xcassets in Resources */,
				F050CDA42C60CAB2000C496B /* Base in Resources */,
				F050CD9F2C60CAAF000C496B /* Base in Resources */,
			);
			runOnlyForDeploymentPostprocessing = 0;
		};
/* End PBXResourcesBuildPhase section */

/* Begin PBXSourcesBuildPhase section */
		F050CD902C60CAAF000C496B /* Sources */ = {
			isa = PBXSourcesBuildPhase;
			buildActionMask = 2147483647;
			files = (
				F050CD9C2C60CAAF000C496B /* ViewController.swift in Sources */,
				F0A39B682C6239670040EB8E /* CacheManager.swift in Sources */,
				F050CD982C60CAAF000C496B /* AppDelegate.swift in Sources */,
				F050CD9A2C60CAAF000C496B /* SceneDelegate.swift in Sources */,
				F050CDB02C60EBA8000C496B /* Model.swift in Sources */,
				F050CDAC2C60E8BF000C496B /* Constants.swift in Sources */,
				F0A39B612C6209CC0040EB8E /* VideoTableViewCell.swift in Sources */,
				F0A39B6A2C623E810040EB8E /* DetailViewController.swift in Sources */,
				F050CDAE2C60EB4B000C496B /* Video.swift in Sources */,
				F050CDB22C61129F000C496B /* Response.swift in Sources */,
			);
			runOnlyForDeploymentPostprocessing = 0;
		};
/* End PBXSourcesBuildPhase section */

/* Begin PBXVariantGroup section */
		F050CD9D2C60CAAF000C496B /* Main.storyboard */ = {
			isa = PBXVariantGroup;
			children = (
				F050CD9E2C60CAAF000C496B /* Base */,
			);
			name = Main.storyboard;
			sourceTree = "<group>";
		};
		F050CDA22C60CAB2000C496B /* LaunchScreen.storyboard */ = {
			isa = PBXVariantGroup;
			children = (
				F050CDA32C60CAB2000C496B /* Base */,
			);
			name = LaunchScreen.storyboard;
			sourceTree = "<group>";
		};
/* End PBXVariantGroup section */

/* Begin XCBuildConfiguration section */
		F050CDA62C60CAB2000C496B /* Debug */ = {
			isa = XCBuildConfiguration;
			buildSettings = {
				ALWAYS_SEARCH_USER_PATHS = NO;
				ASSETCATALOG_COMPILER_GENERATE_SWIFT_ASSET_SYMBOL_EXTENSIONS = YES;
				CLANG_ANALYZER_NONNULL = YES;
				CLANG_ANALYZER_NUMBER_OBJECT_CONVERSION = YES_AGGRESSIVE;
				CLANG_CXX_LANGUAGE_STANDARD = "gnu++20";
				CLANG_ENABLE_MODULES = YES;
				CLANG_ENABLE_OBJC_ARC = YES;
				CLANG_ENABLE_OBJC_WEAK = YES;
				CLANG_WARN_BLOCK_CAPTURE_AUTORELEASING = YES;
				CLANG_WARN_BOOL_CONVERSION = YES;
				CLANG_WARN_COMMA = YES;
				CLANG_WARN_CONSTANT_CONVERSION = YES;
				CLANG_WARN_DEPRECATED_OBJC_IMPLEMENTATIONS = YES;
				CLANG_WARN_DIRECT_OBJC_ISA_USAGE = YES_ERROR;
				CLANG_WARN_DOCUMENTATION_COMMENTS = YES;
				CLANG_WARN_EMPTY_BODY = YES;
				CLANG_WARN_ENUM_CONVERSION = YES;
				CLANG_WARN_INFINITE_RECURSION = YES;
				CLANG_WARN_INT_CONVERSION = YES;
				CLANG_WARN_NON_LITERAL_NULL_CONVERSION = YES;
				CLANG_WARN_OBJC_IMPLICIT_RETAIN_SELF = YES;
				CLANG_WARN_OBJC_LITERAL_CONVERSION = YES;
				CLANG_WARN_OBJC_ROOT_CLASS = YES_ERROR;
				CLANG_WARN_QUOTED_INCLUDE_IN_FRAMEWORK_HEADER = YES;
				CLANG_WARN_RANGE_LOOP_ANALYSIS = YES;
				CLANG_WARN_STRICT_PROTOTYPES = YES;
				CLANG_WARN_SUSPICIOUS_MOVE = YES;
				CLANG_WARN_UNGUARDED_AVAILABILITY = YES_AGGRESSIVE;
				CLANG_WARN_UNREACHABLE_CODE = YES;
				CLANG_WARN__DUPLICATE_METHOD_MATCH = YES;
				COPY_PHASE_STRIP = NO;
				DEBUG_INFORMATION_FORMAT = dwarf;
				ENABLE_STRICT_OBJC_MSGSEND = YES;
				ENABLE_TESTABILITY = YES;
				ENABLE_USER_SCRIPT_SANDBOXING = YES;
				GCC_C_LANGUAGE_STANDARD = gnu17;
				GCC_DYNAMIC_NO_PIC = NO;
				GCC_NO_COMMON_BLOCKS = YES;
				GCC_OPTIMIZATION_LEVEL = 0;
				GCC_PREPROCESSOR_DEFINITIONS = (
					"DEBUG=1",
					"$(inherited)",
				);
				GCC_WARN_64_TO_32_BIT_CONVERSION = YES;
				GCC_WARN_ABOUT_RETURN_TYPE = YES_ERROR;
				GCC_WARN_UNDECLARED_SELECTOR = YES;
				GCC_WARN_UNINITIALIZED_AUTOS = YES_AGGRESSIVE;
				GCC_WARN_UNUSED_FUNCTION = YES;
				GCC_WARN_UNUSED_VARIABLE = YES;
				IPHONEOS_DEPLOYMENT_TARGET = 17.5;
				LOCALIZATION_PREFERS_STRING_CATALOGS = YES;
				MTL_ENABLE_DEBUG_INFO = INCLUDE_SOURCE;
				MTL_FAST_MATH = YES;
				ONLY_ACTIVE_ARCH = YES;
				SDKROOT = iphoneos;
				SWIFT_ACTIVE_COMPILATION_CONDITIONS = "DEBUG $(inherited)";
				SWIFT_OPTIMIZATION_LEVEL = "-Onone";
			};
			name = Debug;
		};
		F050CDA72C60CAB2000C496B /* Release */ = {
			isa = XCBuildConfiguration;
			buildSettings = {
				ALWAYS_SEARCH_USER_PATHS = NO;
				ASSETCATALOG_COMPILER_GENERATE_SWIFT_ASSET_SYMBOL_EXTENSIONS = YES;
				CLANG_ANALYZER_NONNULL = YES;
				CLANG_ANALYZER_NUMBER_OBJECT_CONVERSION = YES_AGGRESSIVE;
				CLANG_CXX_LANGUAGE_STANDARD = "gnu++20";
				CLANG_ENABLE_MODULES = YES;
				CLANG_ENABLE_OBJC_ARC = YES;
				CLANG_ENABLE_OBJC_WEAK = YES;
				CLANG_WARN_BLOCK_CAPTURE_AUTORELEASING = YES;
				CLANG_WARN_BOOL_CONVERSION = YES;
				CLANG_WARN_COMMA = YES;
				CLANG_WARN_CONSTANT_CONVERSION = YES;
				CLANG_WARN_DEPRECATED_OBJC_IMPLEMENTATIONS = YES;
				CLANG_WARN_DIRECT_OBJC_ISA_USAGE = YES_ERROR;
				CLANG_WARN_DOCUMENTATION_COMMENTS = YES;
				CLANG_WARN_EMPTY_BODY = YES;
				CLANG_WARN_ENUM_CONVERSION = YES;
				CLANG_WARN_INFINITE_RECURSION = YES;
				CLANG_WARN_INT_CONVERSION = YES;
				CLANG_WARN_NON_LITERAL_NULL_CONVERSION = YES;
				CLANG_WARN_OBJC_IMPLICIT_RETAIN_SELF = YES;
				CLANG_WARN_OBJC_LITERAL_CONVERSION = YES;
				CLANG_WARN_OBJC_ROOT_CLASS = YES_ERROR;
				CLANG_WARN_QUOTED_INCLUDE_IN_FRAMEWORK_HEADER = YES;
				CLANG_WARN_RANGE_LOOP_ANALYSIS = YES;
				CLANG_WARN_STRICT_PROTOTYPES = YES;
				CLANG_WARN_SUSPICIOUS_MOVE = YES;
				CLANG_WARN_UNGUARDED_AVAILABILITY = YES_AGGRESSIVE;
				CLANG_WARN_UNREACHABLE_CODE = YES;
				CLANG_WARN__DUPLICATE_METHOD_MATCH = YES;
				COPY_PHASE_STRIP = NO;
				DEBUG_INFORMATION_FORMAT = "dwarf-with-dsym";
				ENABLE_NS_ASSERTIONS = NO;
				ENABLE_STRICT_OBJC_MSGSEND = YES;
				ENABLE_USER_SCRIPT_SANDBOXING = YES;
				GCC_C_LANGUAGE_STANDARD = gnu17;
				GCC_NO_COMMON_BLOCKS = YES;
				GCC_WARN_64_TO_32_BIT_CONVERSION = YES;
				GCC_WARN_ABOUT_RETURN_TYPE = YES_ERROR;
				GCC_WARN_UNDECLARED_SELECTOR = YES;
				GCC_WARN_UNINITIALIZED_AUTOS = YES_AGGRESSIVE;
				GCC_WARN_UNUSED_FUNCTION = YES;
				GCC_WARN_UNUSED_VARIABLE = YES;
				IPHONEOS_DEPLOYMENT_TARGET = 17.5;
				LOCALIZATION_PREFERS_STRING_CATALOGS = YES;
				MTL_ENABLE_DEBUG_INFO = NO;
				MTL_FAST_MATH = YES;
				SDKROOT = iphoneos;
				SWIFT_COMPILATION_MODE = wholemodule;
				VALIDATE_PRODUCT = YES;
			};
			name = Release;
		};
		F050CDA92C60CAB2000C496B /* Debug */ = {
			isa = XCBuildConfiguration;
			buildSettings = {
				ASSETCATALOG_COMPILER_APPICON_NAME = AppIcon;
				ASSETCATALOG_COMPILER_GLOBAL_ACCENT_COLOR_NAME = AccentColor;
				CODE_SIGN_STYLE = Automatic;
				CURRENT_PROJECT_VERSION = 1;
				GENERATE_INFOPLIST_FILE = YES;
				INFOPLIST_FILE = YoutubeAPIApp/Info.plist;
				INFOPLIST_KEY_UIApplicationSupportsIndirectInputEvents = YES;
				INFOPLIST_KEY_UILaunchStoryboardName = LaunchScreen;
				INFOPLIST_KEY_UIMainStoryboardFile = Main;
				INFOPLIST_KEY_UISupportedInterfaceOrientations_iPad = "UIInterfaceOrientationPortrait UIInterfaceOrientationPortraitUpsideDown UIInterfaceOrientationLandscapeLeft UIInterfaceOrientationLandscapeRight";
				INFOPLIST_KEY_UISupportedInterfaceOrientations_iPhone = "UIInterfaceOrientationPortrait UIInterfaceOrientationLandscapeLeft UIInterfaceOrientationLandscapeRight";
				LD_RUNPATH_SEARCH_PATHS = (
					"$(inherited)",
					"@executable_path/Frameworks",
				);
				MARKETING_VERSION = 1.0;
				PRODUCT_BUNDLE_IDENTIFIER = test.YoutubeAPIApp;
				PRODUCT_NAME = "$(TARGET_NAME)";
				SWIFT_EMIT_LOC_STRINGS = YES;
				SWIFT_VERSION = 5.0;
				TARGETED_DEVICE_FAMILY = "1,2";
			};
			name = Debug;
		};
		F050CDAA2C60CAB2000C496B /* Release */ = {
			isa = XCBuildConfiguration;
			buildSettings = {
				ASSETCATALOG_COMPILER_APPICON_NAME = AppIcon;
				ASSETCATALOG_COMPILER_GLOBAL_ACCENT_COLOR_NAME = AccentColor;
				CODE_SIGN_STYLE = Automatic;
				CURRENT_PROJECT_VERSION = 1;
				GENERATE_INFOPLIST_FILE = YES;
				INFOPLIST_FILE = YoutubeAPIApp/Info.plist;
				INFOPLIST_KEY_UIApplicationSupportsIndirectInputEvents = YES;
				INFOPLIST_KEY_UILaunchStoryboardName = LaunchScreen;
				INFOPLIST_KEY_UIMainStoryboardFile = Main;
				INFOPLIST_KEY_UISupportedInterfaceOrientations_iPad = "UIInterfaceOrientationPortrait UIInterfaceOrientationPortraitUpsideDown UIInterfaceOrientationLandscapeLeft UIInterfaceOrientationLandscapeRight";
				INFOPLIST_KEY_UISupportedInterfaceOrientations_iPhone = "UIInterfaceOrientationPortrait UIInterfaceOrientationLandscapeLeft UIInterfaceOrientationLandscapeRight";
				LD_RUNPATH_SEARCH_PATHS = (
					"$(inherited)",
					"@executable_path/Frameworks",
				);
				MARKETING_VERSION = 1.0;
				PRODUCT_BUNDLE_IDENTIFIER = test.YoutubeAPIApp;
				PRODUCT_NAME = "$(TARGET_NAME)";
				SWIFT_EMIT_LOC_STRINGS = YES;
				SWIFT_VERSION = 5.0;
				TARGETED_DEVICE_FAMILY = "1,2";
			};
			name = Release;
		};
/* End XCBuildConfiguration section */

/* Begin XCConfigurationList section */
		F050CD8F2C60CAAF000C496B /* Build configuration list for PBXProject "YoutubeAPIApp" */ = {
			isa = XCConfigurationList;
			buildConfigurations = (
				F050CDA62C60CAB2000C496B /* Debug */,
				F050CDA72C60CAB2000C496B /* Release */,
			);
			defaultConfigurationIsVisible = 0;
			defaultConfigurationName = Release;
		};
		F050CDA82C60CAB2000C496B /* Build configuration list for PBXNativeTarget "YoutubeAPIApp" */ = {
			isa = XCConfigurationList;
			buildConfigurations = (
				F050CDA92C60CAB2000C496B /* Debug */,
				F050CDAA2C60CAB2000C496B /* Release */,
			);
			defaultConfigurationIsVisible = 0;
			defaultConfigurationName = Release;
		};
/* End XCConfigurationList section */
	};
	rootObject = F050CD8C2C60CAAF000C496B /* Project object */;
}
